
Microsoft Visual Studio Solution File, Format Version 12.00
# Visual Studio Version 16
VisualStudioVersion = 16.0.32802.440
MinimumVisualStudioVersion = 10.0.40219.1
Project("{FAE04EC0-301F-11D3-BF4B-00C04F79EFBC}") = "PickRandomCards", "PickRandomCards\PickRandomCards.csproj", "{35AD1FC6-802A-427A-AFE6-CD9084BBAAB7}"
EndProject
Global
	GlobalSection(SolutionConfigurationPlatforms) = preSolution
		Debug|Any CPU = Debug|Any CPU
		Release|Any CPU = Release|Any CPU
	EndGlobalSection
	GlobalSection(ProjectConfigurationPlatforms) = postSolution
		{35AD1FC6-802A-427A-AFE6-CD9084BBAAB7}.Debug|Any CPU.ActiveCfg = Debug|Any CPU
		{35AD1FC6-802A-427A-AFE6-CD9084BBAAB7}.Debug|Any CPU.Build.0 = Debug|Any CPU
		{35AD1FC6-802A-427A-AFE6-CD9084BBAAB7}.Release|Any CPU.ActiveCfg = Release|Any CPU
		{35AD1FC6-802A-427A-AFE6-CD9084BBAAB7}.Release|Any CPU.Build.0 = Release|Any CPU
	EndGlobalSection
	GlobalSection(SolutionProperties) = preSolution
		HideSolutionNode = FALSE
	EndGlobalSection
	GlobalSection(ExtensibilityGlobals) = postSolution
		SolutionGuid = {AACC6028-69F8-4614-90A0-22B204FA088D}
	EndGlobalSection
EndGlobal
